Microsoft Visual Studio Solution File, Format Version 12.00
# Visual Studio Version 17
VisualStudioVersion = 17.5.2.0
MinimumVisualStudioVersion = 10.0.40219.1
Project("{FAE04EC0-301F-11D3-BF4B-00C04F79EFBC}") = "dotnet-hello-api", "dotnet-hello-api\dotnet-hello-api.csproj", "{7B9CB475-E280-CE3D-B827-31D01D5E035A}"
EndProject
Global
	GlobalSection(SolutionConfigurationPlatforms) = preSolution
		Debug|Any CPU = Debug|Any CPU
		Release|Any CPU = Release|Any CPU
	EndGlobalSection
	GlobalSection(ProjectConfigurationPlatforms) = postSolution
		{7B9CB475-E280-CE3D-B827-31D01D5E035A}.Debug|Any CPU.ActiveCfg = Debug|Any CPU
		{7B9CB475-E280-CE3D-B827-31D01D5E035A}.Debug|Any CPU.Build.0 = Debug|Any CPU
		{7B9CB475-E280-CE3D-B827-31D01D5E035A}.Release|Any CPU.ActiveCfg = Release|Any CPU
		{7B9CB475-E280-CE3D-B827-31D01D5E035A}.Release|Any CPU.Build.0 = Release|Any CPU
	EndGlobalSection
	GlobalSection(SolutionProperties) = preSolution
		HideSolutionNode = FALSE
	EndGlobalSection
	GlobalSection(ExtensibilityGlobals) = postSolution
		SolutionGuid = {454724E6-EBC3-4F66-982A-60D182BD715F}
	EndGlobalSection
EndGlobal
